
Microsoft Visual Studio Solution File, Format Version 12.00
# Visual Studio Version 17
VisualStudioVersion = 17.12.35506.116
MinimumVisualStudioVersion = 10.0.40219.1
Project("{9A19103F-16F7-4668-BE54-9A1E7A4F7556}") = "MosqueMateV2", "MosqueMateV2\MosqueMateV2.csproj", "{35FB85DA-3114-4062-89CB-DA44AA43CCB3}"
EndProject
Project("{9A19103F-16F7-4668-BE54-9A1E7A4F7556}") = "MosqueMateV2.Resources", "Resources\MosqueMateV2.Resources.csproj", "{1802B1B1-6A7E-4F09-B40D-6A7F6227BE3F}"
EndProject
Project("{FAE04EC0-301F-11D3-BF4B-00C04F79EFBC}") = "MosqueMateV2.Domain", "MosqueMateV2.Domain\MosqueMateV2.Domain.csproj", "{2AF6C04E-5686-4A66-8E4D-ABF49C53D854}"
EndProject
Project("{FAE04EC0-301F-11D3-BF4B-00C04F79EFBC}") = "MosqueMateV2.DataAccess", "MosqueMateV2.DataAccess\MosqueMateV2.DataAccess.csproj", "{0ED23498-A71B-44F3-A0D4-EDC20D994EBC}"
EndProject
Project("{FAE04EC0-301F-11D3-BF4B-00C04F79EFBC}") = "MosqueMateV2.Service", "MosqueMateV2.Service\MosqueMateV2.Service.csproj", "{ADC50959-9BC6-4B07-9590-217F6E7C6BFF}"
EndProject
Global
	GlobalSection(SolutionConfigurationPlatforms) = preSolution
		Debug|Any CPU = Debug|Any CPU
		Debug|ARM = Debug|ARM
		Debug|ARM64 = Debug|ARM64
		Debug|x64 = Debug|x64
		Debug|x86 = Debug|x86
		Release|Any CPU = Release|Any CPU
		Release|ARM = Release|ARM
		Release|ARM64 = Release|ARM64
		Release|x64 = Release|x64
		Release|x86 = Release|x86
	EndGlobalSection
	GlobalSection(ProjectConfigurationPlatforms) = postSolution
		{35FB85DA-3114-4062-89CB-DA44AA43CCB3}.Debug|Any CPU.ActiveCfg = Debug|Any CPU
		{35FB85DA-3114-4062-89CB-DA44AA43CCB3}.Debug|Any CPU.Build.0 = Debug|Any CPU
		{35FB85DA-3114-4062-89CB-DA44AA43CCB3}.Debug|ARM.ActiveCfg = Debug|Any CPU
		{35FB85DA-3114-4062-89CB-DA44AA43CCB3}.Debug|ARM.Build.0 = Debug|Any CPU
		{35FB85DA-3114-4062-89CB-DA44AA43CCB3}.Debug|ARM64.ActiveCfg = Debug|Any CPU
		{35FB85DA-3114-4062-89CB-DA44AA43CCB3}.Debug|ARM64.Build.0 = Debug|Any CPU
		{35FB85DA-3114-4062-89CB-DA44AA43CCB3}.Debug|x64.ActiveCfg = Debug|Any CPU
		{35FB85DA-3114-4062-89CB-DA44AA43CCB3}.Debug|x64.Build.0 = Debug|Any CPU
		{35FB85DA-3114-4062-89CB-DA44AA43CCB3}.Debug|x86.ActiveCfg = Debug|Any CPU
		{35FB85DA-3114-4062-89CB-DA44AA43CCB3}.Debug|x86.Build.0 = Debug|Any CPU
		{35FB85DA-3114-4062-89CB-DA44AA43CCB3}.Release|Any CPU.ActiveCfg = Release|Any CPU
		{35FB85DA-3114-4062-89CB-DA44AA43CCB3}.Release|Any CPU.Build.0 = Release|Any CPU
		{35FB85DA-3114-4062-89CB-DA44AA43CCB3}.Release|ARM.ActiveCfg = Release|Any CPU
		{35FB85DA-3114-4062-89CB-DA44AA43CCB3}.Release|ARM.Build.0 = Release|Any CPU
		{35FB85DA-3114-4062-89CB-DA44AA43CCB3}.Release|ARM64.ActiveCfg = Release|Any CPU
		{35FB85DA-3114-4062-89CB-DA44AA43CCB3}.Release|ARM64.Build.0 = Release|Any CPU
		{35FB85DA-3114-4062-89CB-DA44AA43CCB3}.Release|x64.ActiveCfg = Release|Any CPU
		{35FB85DA-3114-4062-89CB-DA44AA43CCB3}.Release|x64.Build.0 = Release|Any CPU
		{35FB85DA-3114-4062-89CB-DA44AA43CCB3}.Release|x86.ActiveCfg = Release|Any CPU
		{35FB85DA-3114-4062-89CB-DA44AA43CCB3}.Release|x86.Build.0 = Release|Any CPU
		{1802B1B1-6A7E-4F09-B40D-6A7F6227BE3F}.Debug|Any CPU.ActiveCfg = Debug|Any CPU
		{1802B1B1-6A7E-4F09-B40D-6A7F6227BE3F}.Debug|Any CPU.Build.0 = Debug|Any CPU
		{1802B1B1-6A7E-4F09-B40D-6A7F6227BE3F}.Debug|ARM.ActiveCfg = Debug|Any CPU
		{1802B1B1-6A7E-4F09-B40D-6A7F6227BE3F}.Debug|ARM.Build.0 = Debug|Any CPU
		{1802B1B1-6A7E-4F09-B40D-6A7F6227BE3F}.Debug|ARM64.ActiveCfg = Debug|Any CPU
		{1802B1B1-6A7E-4F09-B40D-6A7F6227BE3F}.Debug|ARM64.Build.0 = Debug|Any CPU
		{1802B1B1-6A7E-4F09-B40D-6A7F6227BE3F}.Debug|x64.ActiveCfg = Debug|Any CPU
		{1802B1B1-6A7E-4F09-B40D-6A7F6227BE3F}.Debug|x64.Build.0 = Debug|Any CPU
		{1802B1B1-6A7E-4F09-B40D-6A7F6227BE3F}.Debug|x86.ActiveCfg = Debug|Any CPU
		{1802B1B1-6A7E-4F09-B40D-6A7F6227BE3F}.Debug|x86.Build.0 = Debug|Any CPU
		{1802B1B1-6A7E-4F09-B40D-6A7F6227BE3F}.Release|Any CPU.ActiveCfg = Release|Any CPU
		{1802B1B1-6A7E-4F09-B40D-6A7F6227BE3F}.Release|Any CPU.Build.0 = Release|Any CPU
		{1802B1B1-6A7E-4F09-B40D-6A7F6227BE3F}.Release|ARM.ActiveCfg = Release|Any CPU
		{1802B1B1-6A7E-4F09-B40D-6A7F6227BE3F}.Release|ARM.Build.0 = Release|Any CPU
		{1802B1B1-6A7E-4F09-B40D-6A7F6227BE3F}.Release|ARM64.ActiveCfg = Release|Any CPU
		{1802B1B1-6A7E-4F09-B40D-6A7F6227BE3F}.Release|ARM64.Build.0 = Release|Any CPU
		{1802B1B1-6A7E-4F09-B40D-6A7F6227BE3F}.Release|x64.ActiveCfg = Release|Any CPU
		{1802B1B1-6A7E-4F09-B40D-6A7F6227BE3F}.Release|x64.Build.0 = Release|Any CPU
		{1802B1B1-6A7E-4F09-B40D-6A7F6227BE3F}.Release|x86.ActiveCfg = Release|Any CPU
		{1802B1B1-6A7E-4F09-B40D-6A7F6227BE3F}.Release|x86.Build.0 = Release|Any CPU
		{2AF6C04E-5686-4A66-8E4D-ABF49C53D854}.Debug|Any CPU.ActiveCfg = Debug|Any CPU
		{2AF6C04E-5686-4A66-8E4D-ABF49C53D854}.Debug|Any CPU.Build.0 = Debug|Any CPU
		{2AF6C04E-5686-4A66-8E4D-ABF49C53D854}.Debug|ARM.ActiveCfg = Debug|Any CPU
		{2AF6C04E-5686-4A66-8E4D-ABF49C53D854}.Debug|ARM.Build.0 = Debug|Any CPU
		{2AF6C04E-5686-4A66-8E4D-ABF49C53D854}.Debug|ARM64.ActiveCfg = Debug|Any CPU
		{2AF6C04E-5686-4A66-8E4D-ABF49C53D854}.Debug|ARM64.Build.0 = Debug|Any CPU
		{2AF6C04E-5686-4A66-8E4D-ABF49C53D854}.Debug|x64.ActiveCfg = Debug|Any CPU
		{2AF6C04E-5686-4A66-8E4D-ABF49C53D854}.Debug|x64.Build.0 = Debug|Any CPU
		{2AF6C04E-5686-4A66-8E4D-ABF49C53D854}.Debug|x86.ActiveCfg = Debug|Any CPU
		{2AF6C04E-5686-4A66-8E4D-ABF49C53D854}.Debug|x86.Build.0 = Debug|Any CPU
		{2AF6C04E-5686-4A66-8E4D-ABF49C53D854}.Release|Any CPU.ActiveCfg = Release|Any CPU
		{2AF6C04E-5686-4A66-8E4D-ABF49C53D854}.Release|Any CPU.Build.0 = Release|Any CPU
		{2AF6C04E-5686-4A66-8E4D-ABF49C53D854}.Release|ARM.ActiveCfg = Release|Any CPU
		{2AF6C04E-5686-4A66-8E4D-ABF49C53D854}.Release|ARM.Build.0 = Release|Any CPU
		{2AF6C04E-5686-4A66-8E4D-ABF49C53D854}.Release|ARM64.ActiveCfg = Release|Any CPU
		{2AF6C04E-5686-4A66-8E4D-ABF49C53D854}.Release|ARM64.Build.0 = Release|Any CPU
		{2AF6C04E-5686-4A66-8E4D-ABF49C53D854}.Release|x64.ActiveCfg = Release|Any CPU
		{2AF6C04E-5686-4A66-8E4D-ABF49C53D854}.Release|x64.Build.0 = Release|Any CPU
		{2AF6C04E-5686-4A66-8E4D-ABF49C53D854}.Release|x86.ActiveCfg = Release|Any CPU
		{2AF6C04E-5686-4A66-8E4D-ABF49C53D854}.Release|x86.Build.0 = Release|Any CPU
		{0ED23498-A71B-44F3-A0D4-EDC20D994EBC}.Debug|Any CPU.ActiveCfg = Debug|Any CPU
		{0ED23498-A71B-44F3-A0D4-EDC20D994EBC}.Debug|Any CPU.Build.0 = Debug|Any CPU
		{0ED23498-A71B-44F3-A0D4-EDC20D994EBC}.Debug|ARM.ActiveCfg = Debug|Any CPU
		{0ED23498-A71B-44F3-A0D4-EDC20D994EBC}.Debug|ARM.Build.0 = Debug|Any CPU
		{0ED23498-A71B-44F3-A0D4-EDC20D994EBC}.Debug|ARM64.ActiveCfg = Debug|Any CPU
		{0ED23498-A71B-44F3-A0D4-EDC20D994EBC}.Debug|ARM64.Build.0 = Debug|Any CPU
		{0ED23498-A71B-44F3-A0D4-EDC20D994EBC}.Debug|x64.ActiveCfg = Debug|Any CPU
		{0ED23498-A71B-44F3-A0D4-EDC20D994EBC}.Debug|x64.Build.0 = Debug|Any CPU
		{0ED23498-A71B-44F3-A0D4-EDC20D994EBC}.Debug|x86.ActiveCfg = Debug|Any CPU
		{0ED23498-A71B-44F3-A0D4-EDC20D994EBC}.Debug|x86.Build.0 = Debug|Any CPU
		{0ED23498-A71B-44F3-A0D4-EDC20D994EBC}.Release|Any CPU.ActiveCfg = Release|Any CPU
		{0ED23498-A71B-44F3-A0D4-EDC20D994EBC}.Release|Any CPU.Build.0 = Release|Any CPU
		{0ED23498-A71B-44F3-A0D4-EDC20D994EBC}.Release|ARM.ActiveCfg = Release|Any CPU
		{0ED23498-A71B-44F3-A0D4-EDC20D994EBC}.Release|ARM.Build.0 = Release|Any CPU
		{0ED23498-A71B-44F3-A0D4-EDC20D994EBC}.Release|ARM64.ActiveCfg = Release|Any CPU
		{0ED23498-A71B-44F3-A0D4-EDC20D994EBC}.Release|ARM64.Build.0 = Release|Any CPU
		{0ED23498-A71B-44F3-A0D4-EDC20D994EBC}.Release|x64.ActiveCfg = Release|Any CPU
		{0ED23498-A71B-44F3-A0D4-EDC20D994EBC}.Release|x64.Build.0 = Release|Any CPU
		{0ED23498-A71B-44F3-A0D4-EDC20D994EBC}.Release|x86.ActiveCfg = Release|Any CPU
		{0ED23498-A71B-44F3-A0D4-EDC20D994EBC}.Release|x86.Build.0 = Release|Any CPU
		{ADC50959-9BC6-4B07-9590-217F6E7C6BFF}.Debug|Any CPU.ActiveCfg = Debug|Any CPU
		{ADC50959-9BC6-4B07-9590-217F6E7C6BFF}.Debug|Any CPU.Build.0 = Debug|Any CPU
		{ADC50959-9BC6-4B07-9590-217F6E7C6BFF}.Debug|ARM.ActiveCfg = Debug|Any CPU
		{ADC50959-9BC6-4B07-9590-217F6E7C6BFF}.Debug|ARM.Build.0 = Debug|Any CPU
		{ADC50959-9BC6-4B07-9590-217F6E7C6BFF}.Debug|ARM64.ActiveCfg = Debug|Any CPU
		{ADC50959-9BC6-4B07-9590-217F6E7C6BFF}.Debug|ARM64.Build.0 = Debug|Any CPU
		{ADC50959-9BC6-4B07-9590-217F6E7C6BFF}.Debug|x64.ActiveCfg = Debug|Any CPU
		{ADC50959-9BC6-4B07-9590-217F6E7C6BFF}.Debug|x64.Build.0 = Debug|Any CPU
		{ADC50959-9BC6-4B07-9590-217F6E7C6BFF}.Debug|x86.ActiveCfg = Debug|Any CPU
		{ADC50959-9BC6-4B07-9590-217F6E7C6BFF}.Debug|x86.Build.0 = Debug|Any CPU
		{ADC50959-9BC6-4B07-9590-217F6E7C6BFF}.Release|Any CPU.ActiveCfg = Release|Any CPU
		{ADC50959-9BC6-4B07-9590-217F6E7C6BFF}.Release|Any CPU.Build.0 = Release|Any CPU
		{ADC50959-9BC6-4B07-9590-217F6E7C6BFF}.Release|ARM.ActiveCfg = Release|Any CPU
		{ADC50959-9BC6-4B07-9590-217F6E7C6BFF}.Release|ARM.Build.0 = Release|Any CPU
		{ADC50959-9BC6-4B07-9590-217F6E7C6BFF}.Release|ARM64.ActiveCfg = Release|Any CPU
		{ADC50959-9BC6-4B07-9590-217F6E7C6BFF}.Release|ARM64.Build.0 = Release|Any CPU
		{ADC50959-9BC6-4B07-9590-217F6E7C6BFF}.Release|x64.ActiveCfg = Release|Any CPU
		{ADC50959-9BC6-4B07-9590-217F6E7C6BFF}.Release|x64.Build.0 = Release|Any CPU
		{ADC50959-9BC6-4B07-9590-217F6E7C6BFF}.Release|x86.ActiveCfg = Release|Any CPU
		{ADC50959-9BC6-4B07-9590-217F6E7C6BFF}.Release|x86.Build.0 = Release|Any CPU
	EndGlobalSection
	GlobalSection(SolutionProperties) = preSolution
		HideSolutionNode = FALSE
	EndGlobalSection
EndGlobal
